
Microsoft Visual Studio Solution File, Format Version 12.00
# Visual Studio Version 16
VisualStudioVersion = 16.0.32929.386
MinimumVisualStudioVersion = 10.0.40219.1
Project("{FAE04EC0-301F-11D3-BF4B-00C04F79EFBC}") = "Componentes", "Componentes\Componentes.csproj", "{41C9FD22-655F-4BD1-AEF2-01178C7A9FB0}"
EndProject
Global
	GlobalSection(SolutionConfigurationPlatforms) = preSolution
		Debug|Any CPU = Debug|Any CPU
		Release|Any CPU = Release|Any CPU
	EndGlobalSection
	GlobalSection(ProjectConfigurationPlatforms) = postSolution
		{41C9FD22-655F-4BD1-AEF2-01178C7A9FB0}.Debug|Any CPU.ActiveCfg = Debug|Any CPU
		{41C9FD22-655F-4BD1-AEF2-01178C7A9FB0}.Debug|Any CPU.Build.0 = Debug|Any CPU
		{41C9FD22-655F-4BD1-AEF2-01178C7A9FB0}.Release|Any CPU.ActiveCfg = Release|Any CPU
		{41C9FD22-655F-4BD1-AEF2-01178C7A9FB0}.Release|Any CPU.Build.0 = Release|Any CPU
	EndGlobalSection
	GlobalSection(SolutionProperties) = preSolution
		HideSolutionNode = FALSE
	EndGlobalSection
	GlobalSection(ExtensibilityGlobals) = postSolution
		SolutionGuid = {67177891-4271-4F53-9205-53F140DF1589}
	EndGlobalSection
EndGlobal
